
Microsoft Visual Studio Solution File, Format Version 12.00
# Visual Studio Version 17
VisualStudioVersion = 17.1.32228.430
MinimumVisualStudioVersion = 10.0.40219.1
Project("{FAE04EC0-301F-11D3-BF4B-00C04F79EFBC}") = "MAAL", "MAAL\MAAL.csproj", "{8292F520-AE71-4EAE-81EB-7F40BF0CE602}"
EndProject
Global
	GlobalSection(SolutionConfigurationPlatforms) = preSolution
		asdfasdfasdfsdafsd|Any CPU = asdfasdfasdfsdafsd|Any CPU
		Debug|Any CPU = Debug|Any CPU
		Release|Any CPU = Release|Any CPU
	EndGlobalSection
	GlobalSection(ProjectConfigurationPlatforms) = postSolution
		{8292F520-AE71-4EAE-81EB-7F40BF0CE602}.asdfasdfasdfsdafsd|Any CPU.ActiveCfg = asdfasdfasdfsdafsd|Any CPU
		{8292F520-AE71-4EAE-81EB-7F40BF0CE602}.asdfasdfasdfsdafsd|Any CPU.Build.0 = asdfasdfasdfsdafsd|Any CPU
		{8292F520-AE71-4EAE-81EB-7F40BF0CE602}.Debug|Any CPU.ActiveCfg = Debug|Any CPU
		{8292F520-AE71-4EAE-81EB-7F40BF0CE602}.Debug|Any CPU.Build.0 = Debug|Any CPU
		{8292F520-AE71-4EAE-81EB-7F40BF0CE602}.Release|Any CPU.ActiveCfg = Release|Any CPU
		{8292F520-AE71-4EAE-81EB-7F40BF0CE602}.Release|Any CPU.Build.0 = Release|Any CPU
	EndGlobalSection
	GlobalSection(SolutionProperties) = preSolution
		HideSolutionNode = FALSE
	EndGlobalSection
	GlobalSection(ExtensibilityGlobals) = postSolution
		SolutionGuid = {D4371A3A-4C9F-492F-8103-0500D7AD008E}
	EndGlobalSection
EndGlobal
